// !$*UTF8*$!
{
	archiveVersion = 1;
	classes = {
	};
	objectVersion = 52;
	objects = {

/* Begin PBXBuildFile section */
		1B3894F223FDD88F00A292C6 /* StationModel.swift in Sources */ = {isa = PBXBuildFile; fileRef = 1B3894F123FDD88F00A292C6 /* StationModel.swift */; };
		1B3894F423FDDA1E00A292C6 /* CodableResponse.swift in Sources */ = {isa = PBXBuildFile; fileRef = 1B3894F323FDDA1E00A292C6 /* CodableResponse.swift */; };
		1B6244C223FDC8CC0066E53D /* AppDelegate.swift in Sources */ = {isa = PBXBuildFile; fileRef = 1B6244C123FDC8CC0066E53D /* AppDelegate.swift */; };
		1B6244C423FDC8CC0066E53D /* SceneDelegate.swift in Sources */ = {isa = PBXBuildFile; fileRef = 1B6244C323FDC8CC0066E53D /* SceneDelegate.swift */; };
		1B6244C623FDC8CC0066E53D /* ViewController.swift in Sources */ = {isa = PBXBuildFile; fileRef = 1B6244C523FDC8CC0066E53D /* ViewController.swift */; };
		1B6244C923FDC8CC0066E53D /* Main.storyboard in Resources */ = {isa = PBXBuildFile; fileRef = 1B6244C723FDC8CC0066E53D /* Main.storyboard */; };
		1B6244CB23FDC8D50066E53D /* Assets.xcassets in Resources */ = {isa = PBXBuildFile; fileRef = 1B6244CA23FDC8D50066E53D /* Assets.xcassets */; };
		1B6244CE23FDC8D50066E53D /* LaunchScreen.storyboard in Resources */ = {isa = PBXBuildFile; fileRef = 1B6244CC23FDC8D50066E53D /* LaunchScreen.storyboard */; };
		1B6244DB23FDCB1F0066E53D /* Moya in Frameworks */ = {isa = PBXBuildFile; productRef = 1B6244DA23FDCB1F0066E53D /* Moya */; };
		1B6244DD23FDCCA10066E53D /* CheckWX.swift in Sources */ = {isa = PBXBuildFile; fileRef = 1B6244DC23FDCCA10066E53D /* CheckWX.swift */; };
		1B6244DF23FDCDA50066E53D /* CheckWX.Config.swift in Sources */ = {isa = PBXBuildFile; fileRef = 1B6244DE23FDCDA50066E53D /* CheckWX.Config.swift */; };
/* End PBXBuildFile section */

/* Begin PBXFileReference section */
		1B3894F123FDD88F00A292C6 /* StationModel.swift */ = {isa = PBXFileReference; lastKnownFileType = sourcecode.swift; path = StationModel.swift; sourceTree = "<group>"; };
		1B3894F323FDDA1E00A292C6 /* CodableResponse.swift */ = {isa = PBXFileReference; lastKnownFileType = sourcecode.swift; path = CodableResponse.swift; sourceTree = "<group>"; };
		1B6244BE23FDC8CC0066E53D /* AirportWeather.app */ = {isa = PBXFileReference; explicitFileType = wrapper.application; includeInIndex = 0; path = AirportWeather.app; sourceTree = BUILT_PRODUCTS_DIR; };
		1B6244C123FDC8CC0066E53D /* AppDelegate.swift */ = {isa = PBXFileReference; lastKnownFileType = sourcecode.swift; path = AppDelegate.swift; sourceTree = "<group>"; };
		1B6244C323FDC8CC0066E53D /* SceneDelegate.swift */ = {isa = PBXFileReference; lastKnownFileType = sourcecode.swift; path = SceneDelegate.swift; sourceTree = "<group>"; };
		1B6244C523FDC8CC0066E53D /* ViewController.swift */ = {isa = PBXFileReference; lastKnownFileType = sourcecode.swift; path = ViewController.swift; sourceTree = "<group>"; };
		1B6244C823FDC8CC0066E53D /* Base */ = {isa = PBXFileReference; lastKnownFileType = file.storyboard; name = Base; path = Base.lproj/Main.storyboard; sourceTree = "<group>"; };
		1B6244CA23FDC8D50066E53D /* Assets.xcassets */ = {isa = PBXFileReference; lastKnownFileType = folder.assetcatalog; path = Assets.xcassets; sourceTree = "<group>"; };
		1B6244CD23FDC8D50066E53D /* Base */ = {isa = PBXFileReference; lastKnownFileType = file.storyboard; name = Base; path = Base.lproj/LaunchScreen.storyboard; sourceTree = "<group>"; };
		1B6244CF23FDC8D50066E53D /* Info.plist */ = {isa = PBXFileReference; lastKnownFileType = text.plist.xml; path = Info.plist; sourceTree = "<group>"; };
		1B6244DC23FDCCA10066E53D /* CheckWX.swift */ = {isa = PBXFileReference; lastKnownFileType = sourcecode.swift; path = CheckWX.swift; sourceTree = "<group>"; };
		1B6244DE23FDCDA50066E53D /* CheckWX.Config.swift */ = {isa = PBXFileReference; lastKnownFileType = sourcecode.swift; path = CheckWX.Config.swift; sourceTree = "<group>"; };
/* End PBXFileReference section */

/* Begin PBXFrameworksBuildPhase section */
		1B6244BB23FDC8CC0066E53D /* Frameworks */ = {
			isa = PBXFrameworksBuildPhase;
			buildActionMask = 2147483647;
			files = (
				1B6244DB23FDCB1F0066E53D /* Moya in Frameworks */,
			);
			runOnlyForDeploymentPostprocessing = 0;
		};
/* End PBXFrameworksBuildPhase section */

/* Begin PBXGroup section */
		1B6244B523FDC8CB0066E53D = {
			isa = PBXGroup;
			children = (
				1B6244C023FDC8CC0066E53D /* AirportWeather */,
				1B6244BF23FDC8CC0066E53D /* Products */,
			);
			sourceTree = "<group>";
		};
		1B6244BF23FDC8CC0066E53D /* Products */ = {
			isa = PBXGroup;
			children = (
				1B6244BE23FDC8CC0066E53D /* AirportWeather.app */,
			);
			name = Products;
			sourceTree = "<group>";
		};
		1B6244C023FDC8CC0066E53D /* AirportWeather */ = {
			isa = PBXGroup;
			children = (
				1B6244D823FDC9650066E53D /* Views */,
				1B6244D723FDC95E0066E53D /* Models */,
				1B6244D623FDC9550066E53D /* Network */,
				1B6244D523FDC94C0066E53D /* Common */,
			);
			path = AirportWeather;
			sourceTree = "<group>";
		};
		1B6244D523FDC94C0066E53D /* Common */ = {
			isa = PBXGroup;
			children = (
				1B6244CA23FDC8D50066E53D /* Assets.xcassets */,
				1B6244C123FDC8CC0066E53D /* AppDelegate.swift */,
				1B6244C323FDC8CC0066E53D /* SceneDelegate.swift */,
				1B6244CC23FDC8D50066E53D /* LaunchScreen.storyboard */,
				1B6244C723FDC8CC0066E53D /* Main.storyboard */,
				1B6244CF23FDC8D50066E53D /* Info.plist */,
			);
			path = Common;
			sourceTree = "<group>";
		};
		1B6244D623FDC9550066E53D /* Network */ = {
			isa = PBXGroup;
			children = (
				1B6244DC23FDCCA10066E53D /* CheckWX.swift */,
				1B6244DE23FDCDA50066E53D /* CheckWX.Config.swift */,
				1B3894F323FDDA1E00A292C6 /* CodableResponse.swift */,
			);
			path = Network;
			sourceTree = "<group>";
		};
		1B6244D723FDC95E0066E53D /* Models */ = {
			isa = PBXGroup;
			children = (
				1B3894F123FDD88F00A292C6 /* StationModel.swift */,
			);
			path = Models;
			sourceTree = "<group>";
		};
		1B6244D823FDC9650066E53D /* Views */ = {
			isa = PBXGroup;
			children = (
				1B6244C523FDC8CC0066E53D /* ViewController.swift */,
			);
			path = Views;
			sourceTree = "<group>";
		};
/* End PBXGroup section */

/* Begin PBXNativeTarget section */
		1B6244BD23FDC8CC0066E53D /* AirportWeather */ = {
			isa = PBXNativeTarget;
			buildConfigurationList = 1B6244D223FDC8D50066E53D /* Build configuration list for PBXNativeTarget "AirportWeather" */;
			buildPhases = (
				1B6244BA23FDC8CC0066E53D /* Sources */,
				1B6244BB23FDC8CC0066E53D /* Frameworks */,
				1B6244BC23FDC8CC0066E53D /* Resources */,
			);
			buildRules = (
			);
			dependencies = (
			);
			name = AirportWeather;
			packageProductDependencies = (
				1B6244DA23FDCB1F0066E53D /* Moya */,
			);
			productName = AirportWeather;
			productReference = 1B6244BE23FDC8CC0066E53D /* AirportWeather.app */;
			productType = "com.apple.product-type.application";
		};
/* End PBXNativeTarget section */

/* Begin PBXProject section */
		1B6244B623FDC8CB0066E53D /* Project object */ = {
			isa = PBXProject;
			attributes = {
				LastSwiftUpdateCheck = 1130;
				LastUpgradeCheck = 1130;
				ORGANIZATIONNAME = ZuluTeam;
				TargetAttributes = {
					1B6244BD23FDC8CC0066E53D = {
						CreatedOnToolsVersion = 11.3.1;
					};
				};
			};
			buildConfigurationList = 1B6244B923FDC8CB0066E53D /* Build configuration list for PBXProject "AirportWeather" */;
			compatibilityVersion = "Xcode 9.3";
			developmentRegion = en;
			hasScannedForEncodings = 0;
			knownRegions = (
				en,
				Base,
			);
			mainGroup = 1B6244B523FDC8CB0066E53D;
			packageReferences = (
				1B6244D923FDCB1F0066E53D /* XCRemoteSwiftPackageReference "Moya" */,
			);
			productRefGroup = 1B6244BF23FDC8CC0066E53D /* Products */;
			projectDirPath = "";
			projectRoot = "";
			targets = (
				1B6244BD23FDC8CC0066E53D /* AirportWeather */,
			);
		};
/* End PBXProject section */

/* Begin PBXResourcesBuildPhase section */
		1B6244BC23FDC8CC0066E53D /* Resources */ = {
			isa = PBXResourcesBuildPhase;
			buildActionMask = 2147483647;
			files = (
				1B6244CE23FDC8D50066E53D /* LaunchScreen.storyboard in Resources */,
				1B6244CB23FDC8D50066E53D /* Assets.xcassets in Resources */,
				1B6244C923FDC8CC0066E53D /* Main.storyboard in Resources */,
			);
			runOnlyForDeploymentPostprocessing = 0;
		};
/* End PBXResourcesBuildPhase section */

/* Begin PBXSourcesBuildPhase section */
		1B6244BA23FDC8CC0066E53D /* Sources */ = {
			isa = PBXSourcesBuildPhase;
			buildActionMask = 2147483647;
			files = (
				1B6244DF23FDCDA50066E53D /* CheckWX.Config.swift in Sources */,
				1B6244C623FDC8CC0066E53D /* ViewController.swift in Sources */,
				1B6244DD23FDCCA10066E53D /* CheckWX.swift in Sources */,
				1B6244C223FDC8CC0066E53D /* AppDelegate.swift in Sources */,
				1B3894F223FDD88F00A292C6 /* StationModel.swift in Sources */,
				1B6244C423FDC8CC0066E53D /* SceneDelegate.swift in Sources */,
				1B3894F423FDDA1E00A292C6 /* CodableResponse.swift in Sources */,
			);
			runOnlyForDeploymentPostprocessing = 0;
		};
/* End PBXSourcesBuildPhase section */

/* Begin PBXVariantGroup section */
		1B6244C723FDC8CC0066E53D /* Main.storyboard */ = {
			isa = PBXVariantGroup;
			children = (
				1B6244C823FDC8CC0066E53D /* Base */,
			);
			name = Main.storyboard;
			sourceTree = "<group>";
		};
		1B6244CC23FDC8D50066E53D /* LaunchScreen.storyboard */ = {
			isa = PBXVariantGroup;
			children = (
				1B6244CD23FDC8D50066E53D /* Base */,
			);
			name = LaunchScreen.storyboard;
			sourceTree = "<group>";
		};
/* End PBXVariantGroup section */

/* Begin XCBuildConfiguration section */
		1B6244D023FDC8D50066E53D /* Debug */ = {
			isa = XCBuildConfiguration;
			buildSettings = {
				ALWAYS_SEARCH_USER_PATHS = NO;
				CLANG_ANALYZER_NONNULL = YES;
				CLANG_ANALYZER_NUMBER_OBJECT_CONVERSION = YES_AGGRESSIVE;
				CLANG_CXX_LANGUAGE_STANDARD = "gnu++14";
				CLANG_CXX_LIBRARY = "libc++";
				CLANG_ENABLE_MODULES = YES;
				CLANG_ENABLE_OBJC_ARC = YES;
				CLANG_ENABLE_OBJC_WEAK = YES;
				CLANG_WARN_BLOCK_CAPTURE_AUTORELEASING = YES;
				CLANG_WARN_BOOL_CONVERSION = YES;
				CLANG_WARN_COMMA = YES;
				CLANG_WARN_CONSTANT_CONVERSION = YES;
				CLANG_WARN_DEPRECATED_OBJC_IMPLEMENTATIONS = YES;
				CLANG_WARN_DIRECT_OBJC_ISA_USAGE = YES_ERROR;
				CLANG_WARN_DOCUMENTATION_COMMENTS = YES;
				CLANG_WARN_EMPTY_BODY = YES;
				CLANG_WARN_ENUM_CONVERSION = YES;
				CLANG_WARN_INFINITE_RECURSION = YES;
				CLANG_WARN_INT_CONVERSION = YES;
				CLANG_WARN_NON_LITERAL_NULL_CONVERSION = YES;
				CLANG_WARN_OBJC_IMPLICIT_RETAIN_SELF = YES;
				CLANG_WARN_OBJC_LITERAL_CONVERSION = YES;
				CLANG_WARN_OBJC_ROOT_CLASS = YES_ERROR;
				CLANG_WARN_RANGE_LOOP_ANALYSIS = YES;
				CLANG_WARN_STRICT_PROTOTYPES = YES;
				CLANG_WARN_SUSPICIOUS_MOVE = YES;
				CLANG_WARN_UNGUARDED_AVAILABILITY = YES_AGGRESSIVE;
				CLANG_WARN_UNREACHABLE_CODE = YES;
				CLANG_WARN__DUPLICATE_METHOD_MATCH = YES;
				COPY_PHASE_STRIP = NO;
				DEBUG_INFORMATION_FORMAT = dwarf;
				ENABLE_STRICT_OBJC_MSGSEND = YES;
				ENABLE_TESTABILITY = YES;
				GCC_C_LANGUAGE_STANDARD = gnu11;
				GCC_DYNAMIC_NO_PIC = NO;
				GCC_NO_COMMON_BLOCKS = YES;
				GCC_OPTIMIZATION_LEVEL = 0;
				GCC_PREPROCESSOR_DEFINITIONS = (
					"DEBUG=1",
					"$(inherited)",
				);
				GCC_WARN_64_TO_32_BIT_CONVERSION = YES;
				GCC_WARN_ABOUT_RETURN_TYPE = YES_ERROR;
				GCC_WARN_UNDECLARED_SELECTOR = YES;
				GCC_WARN_UNINITIALIZED_AUTOS = YES_AGGRESSIVE;
				GCC_WARN_UNUSED_FUNCTION = YES;
				GCC_WARN_UNUSED_VARIABLE = YES;
				IPHONEOS_DEPLOYMENT_TARGET = 13.2;
				MTL_ENABLE_DEBUG_INFO = INCLUDE_SOURCE;
				MTL_FAST_MATH = YES;
				ONLY_ACTIVE_ARCH = YES;
				SDKROOT = iphoneos;
				SWIFT_ACTIVE_COMPILATION_CONDITIONS = DEBUG;
				SWIFT_OPTIMIZATION_LEVEL = "-Onone";
			};
			name = Debug;
		};
		1B6244D123FDC8D50066E53D /* Release */ = {
			isa = XCBuildConfiguration;
			buildSettings = {
				ALWAYS_SEARCH_USER_PATHS = NO;
				CLANG_ANALYZER_NONNULL = YES;
				CLANG_ANALYZER_NUMBER_OBJECT_CONVERSION = YES_AGGRESSIVE;
				CLANG_CXX_LANGUAGE_STANDARD = "gnu++14";
				CLANG_CXX_LIBRARY = "libc++";
				CLANG_ENABLE_MODULES = YES;
				CLANG_ENABLE_OBJC_ARC = YES;
				CLANG_ENABLE_OBJC_WEAK = YES;
				CLANG_WARN_BLOCK_CAPTURE_AUTORELEASING = YES;
				CLANG_WARN_BOOL_CONVERSION = YES;
				CLANG_WARN_COMMA = YES;
				CLANG_WARN_CONSTANT_CONVERSION = YES;
				CLANG_WARN_DEPRECATED_OBJC_IMPLEMENTATIONS = YES;
				CLANG_WARN_DIRECT_OBJC_ISA_USAGE = YES_ERROR;
				CLANG_WARN_DOCUMENTATION_COMMENTS = YES;
				CLANG_WARN_EMPTY_BODY = YES;
				CLANG_WARN_ENUM_CONVERSION = YES;
				CLANG_WARN_INFINITE_RECURSION = YES;
				CLANG_WARN_INT_CONVERSION = YES;
				CLANG_WARN_NON_LITERAL_NULL_CONVERSION = YES;
				CLANG_WARN_OBJC_IMPLICIT_RETAIN_SELF = YES;
				CLANG_WARN_OBJC_LITERAL_CONVERSION = YES;
				CLANG_WARN_OBJC_ROOT_CLASS = YES_ERROR;
				CLANG_WARN_RANGE_LOOP_ANALYSIS = YES;
				CLANG_WARN_STRICT_PROTOTYPES = YES;
				CLANG_WARN_SUSPICIOUS_MOVE = YES;
				CLANG_WARN_UNGUARDED_AVAILABILITY = YES_AGGRESSIVE;
				CLANG_WARN_UNREACHABLE_CODE = YES;
				CLANG_WARN__DUPLICATE_METHOD_MATCH = YES;
				COPY_PHASE_STRIP = NO;
				DEBUG_INFORMATION_FORMAT = "dwarf-with-dsym";
				ENABLE_NS_ASSERTIONS = NO;
				ENABLE_STRICT_OBJC_MSGSEND = YES;
				GCC_C_LANGUAGE_STANDARD = gnu11;
				GCC_NO_COMMON_BLOCKS = YES;
				GCC_WARN_64_TO_32_BIT_CONVERSION = YES;
				GCC_WARN_ABOUT_RETURN_TYPE = YES_ERROR;
				GCC_WARN_UNDECLARED_SELECTOR = YES;
				GCC_WARN_UNINITIALIZED_AUTOS = YES_AGGRESSIVE;
				GCC_WARN_UNUSED_FUNCTION = YES;
				GCC_WARN_UNUSED_VARIABLE = YES;
				IPHONEOS_DEPLOYMENT_TARGET = 13.2;
				MTL_ENABLE_DEBUG_INFO = NO;
				MTL_FAST_MATH = YES;
				SDKROOT = iphoneos;
				SWIFT_COMPILATION_MODE = wholemodule;
				SWIFT_OPTIMIZATION_LEVEL = "-O";
				VALIDATE_PRODUCT = YES;
			};
			name = Release;
		};
		1B6244D323FDC8D50066E53D /* Debug */ = {
			isa = XCBuildConfiguration;
			buildSettings = {
				ASSETCATALOG_COMPILER_APPICON_NAME = AppIcon;
				CODE_SIGN_STYLE = Automatic;
				INFOPLIST_FILE = AirportWeather/Common/Info.plist;
				LD_RUNPATH_SEARCH_PATHS = (
					"$(inherited)",
					"@executable_path/Frameworks",
				);
				PRODUCT_BUNDLE_IDENTIFIER = tech.zuluteam.AirportWeather;
				PRODUCT_NAME = "$(TARGET_NAME)";
				SWIFT_VERSION = 5.0;
				TARGETED_DEVICE_FAMILY = "1,2";
			};
			name = Debug;
		};
		1B6244D423FDC8D50066E53D /* Release */ = {
			isa = XCBuildConfiguration;
			buildSettings = {
				ASSETCATALOG_COMPILER_APPICON_NAME = AppIcon;
				CODE_SIGN_STYLE = Automatic;
				INFOPLIST_FILE = AirportWeather/Common/Info.plist;
				LD_RUNPATH_SEARCH_PATHS = (
					"$(inherited)",
					"@executable_path/Frameworks",
				);
				PRODUCT_BUNDLE_IDENTIFIER = tech.zuluteam.AirportWeather;
				PRODUCT_NAME = "$(TARGET_NAME)";
				SWIFT_VERSION = 5.0;
				TARGETED_DEVICE_FAMILY = "1,2";
			};
			name = Release;
		};
/* End XCBuildConfiguration section */

/* Begin XCConfigurationList section */
		1B6244B923FDC8CB0066E53D /* Build configuration list for PBXProject "AirportWeather" */ = {
			isa = XCConfigurationList;
			buildConfigurations = (
				1B6244D023FDC8D50066E53D /* Debug */,
				1B6244D123FDC8D50066E53D /* Release */,
			);
			defaultConfigurationIsVisible = 0;
			defaultConfigurationName = Release;
		};
		1B6244D223FDC8D50066E53D /* Build configuration list for PBXNativeTarget "AirportWeather" */ = {
			isa = XCConfigurationList;
			buildConfigurations = (
				1B6244D323FDC8D50066E53D /* Debug */,
				1B6244D423FDC8D50066E53D /* Release */,
			);
			defaultConfigurationIsVisible = 0;
			defaultConfigurationName = Release;
		};
/* End XCConfigurationList section */

/* Begin XCRemoteSwiftPackageReference section */
		1B6244D923FDCB1F0066E53D /* XCRemoteSwiftPackageReference "Moya" */ = {
			isa = XCRemoteSwiftPackageReference;
			repositoryURL = "https://github.com/Moya/Moya.git";
			requirement = {
				kind = upToNextMajorVersion;
				minimumVersion = 14.0.0;
			};
		};
/* End XCRemoteSwiftPackageReference section */

/* Begin XCSwiftPackageProductDependency section */
		1B6244DA23FDCB1F0066E53D /* Moya */ = {
			isa = XCSwiftPackageProductDependency;
			package = 1B6244D923FDCB1F0066E53D /* XCRemoteSwiftPackageReference "Moya" */;
			productName = Moya;
		};
/* End XCSwiftPackageProductDependency section */
	};
	rootObject = 1B6244B623FDC8CB0066E53D /* Project object */;
}
